
Microsoft Visual Studio Solution File, Format Version 12.00
# Visual Studio 15
VisualStudioVersion = 15.0.27004.2005
MinimumVisualStudioVersion = 10.0.40219.1
Project("{FAE04EC0-301F-11D3-BF4B-00C04F79EFBC}") = "VersionUpdater", "VersionUpdater\VersionUpdater.csproj", "{E07E23ED-8DC9-494F-9A51-7A2AD441CCD4}"
EndProject
Project("{FAE04EC0-301F-11D3-BF4B-00C04F79EFBC}") = "PostDeployment", "PostDeployment\PostDeployment.csproj", "{D05405AF-3F36-420D-BAB6-ACF5BDD00B08}"
EndProject
Project("{FAE04EC0-301F-11D3-BF4B-00C04F79EFBC}") = "Updater", "Updater\Updater.csproj", "{856AA004-B67F-409C-B4AB-7B2B26E74ABF}"
EndProject
Project("{FAE04EC0-301F-11D3-BF4B-00C04F79EFBC}") = "Launcher.Tests", "Launcher.Tests\Launcher.Tests.csproj", "{F0900FB3-032F-4575-B946-7568A38441DF}"
	ProjectSection(ProjectDependencies) = postProject
		{018D03A8-3802-4AD2-AC28-6201BD3F6E94} = {018D03A8-3802-4AD2-AC28-6201BD3F6E94}
	EndProjectSection
EndProject
Project("{FAE04EC0-301F-11D3-BF4B-00C04F79EFBC}") = "ServerConsole", "ServerConsole\ServerConsole.csproj", "{165C3473-44A2-428D-B73F-10E991118D58}"
EndProject
Project("{FAE04EC0-301F-11D3-BF4B-00C04F79EFBC}") = "ServerService", "ServerService\ServerService.csproj", "{DA5D74B5-EC50-44E7-9EAC-4785CC91A4E0}"
EndProject
Project("{FAE04EC0-301F-11D3-BF4B-00C04F79EFBC}") = "Launcher", "Launcher\Launcher.csproj", "{018D03A8-3802-4AD2-AC28-6201BD3F6E94}"
EndProject
Project("{FAE04EC0-301F-11D3-BF4B-00C04F79EFBC}") = "Patching", "Patching\Patching.csproj", "{CC4418EF-7C47-471E-B10F-A8C82CAF9E3B}"
EndProject
Project("{FAE04EC0-301F-11D3-BF4B-00C04F79EFBC}") = "Network", "Network\Network.csproj", "{549178BE-2D41-4928-A4CA-7411F11F816A}"
EndProject
Project("{2150E333-8FDC-42A3-9474-1A3956D46DE8}") = "Solution Items", "Solution Items", "{1982ACB5-08AF-4144-994B-07E489677CD4}"
	ProjectSection(SolutionItems) = preProject
		appveyor.yml = appveyor.yml
		tests.bat = tests.bat
	EndProjectSection
EndProject
Global
	GlobalSection(SolutionConfigurationPlatforms) = preSolution
		Debug|Any CPU = Debug|Any CPU
		Debug|ARM = Debug|ARM
		Debug|x64 = Debug|x64
		Debug|x86 = Debug|x86
		DebugDev|Any CPU = DebugDev|Any CPU
		DebugDev|ARM = DebugDev|ARM
		DebugDev|x64 = DebugDev|x64
		DebugDev|x86 = DebugDev|x86
		DebugForceUpdate|Any CPU = DebugForceUpdate|Any CPU
		DebugForceUpdate|ARM = DebugForceUpdate|ARM
		DebugForceUpdate|x64 = DebugForceUpdate|x64
		DebugForceUpdate|x86 = DebugForceUpdate|x86
		DebugReset|Any CPU = DebugReset|Any CPU
		DebugReset|ARM = DebugReset|ARM
		DebugReset|x64 = DebugReset|x64
		DebugReset|x86 = DebugReset|x86
		Release|Any CPU = Release|Any CPU
		Release|ARM = Release|ARM
		Release|x64 = Release|x64
		Release|x86 = Release|x86
	EndGlobalSection
	GlobalSection(ProjectConfigurationPlatforms) = postSolution
		{E07E23ED-8DC9-494F-9A51-7A2AD441CCD4}.Debug|Any CPU.ActiveCfg = Debug|Any CPU
		{E07E23ED-8DC9-494F-9A51-7A2AD441CCD4}.Debug|Any CPU.Build.0 = Debug|Any CPU
		{E07E23ED-8DC9-494F-9A51-7A2AD441CCD4}.Debug|ARM.ActiveCfg = Debug|Any CPU
		{E07E23ED-8DC9-494F-9A51-7A2AD441CCD4}.Debug|ARM.Build.0 = Debug|Any CPU
		{E07E23ED-8DC9-494F-9A51-7A2AD441CCD4}.Debug|x64.ActiveCfg = Debug|Any CPU
		{E07E23ED-8DC9-494F-9A51-7A2AD441CCD4}.Debug|x64.Build.0 = Debug|Any CPU
		{E07E23ED-8DC9-494F-9A51-7A2AD441CCD4}.Debug|x86.ActiveCfg = Debug|Any CPU
		{E07E23ED-8DC9-494F-9A51-7A2AD441CCD4}.Debug|x86.Build.0 = Debug|Any CPU
		{E07E23ED-8DC9-494F-9A51-7A2AD441CCD4}.DebugDev|Any CPU.ActiveCfg = DebugDev|Any CPU
		{E07E23ED-8DC9-494F-9A51-7A2AD441CCD4}.DebugDev|Any CPU.Build.0 = DebugDev|Any CPU
		{E07E23ED-8DC9-494F-9A51-7A2AD441CCD4}.DebugDev|ARM.ActiveCfg = DebugDev|Any CPU
		{E07E23ED-8DC9-494F-9A51-7A2AD441CCD4}.DebugDev|ARM.Build.0 = DebugDev|Any CPU
		{E07E23ED-8DC9-494F-9A51-7A2AD441CCD4}.DebugDev|x64.ActiveCfg = DebugDev|Any CPU
		{E07E23ED-8DC9-494F-9A51-7A2AD441CCD4}.DebugDev|x64.Build.0 = DebugDev|Any CPU
		{E07E23ED-8DC9-494F-9A51-7A2AD441CCD4}.DebugDev|x86.ActiveCfg = DebugDev|Any CPU
		{E07E23ED-8DC9-494F-9A51-7A2AD441CCD4}.DebugDev|x86.Build.0 = DebugDev|Any CPU
		{E07E23ED-8DC9-494F-9A51-7A2AD441CCD4}.DebugForceUpdate|Any CPU.ActiveCfg = DebugForceUpdate|Any CPU
		{E07E23ED-8DC9-494F-9A51-7A2AD441CCD4}.DebugForceUpdate|Any CPU.Build.0 = DebugForceUpdate|Any CPU
		{E07E23ED-8DC9-494F-9A51-7A2AD441CCD4}.DebugForceUpdate|ARM.ActiveCfg = DebugForceUpdate|Any CPU
		{E07E23ED-8DC9-494F-9A51-7A2AD441CCD4}.DebugForceUpdate|ARM.Build.0 = DebugForceUpdate|Any CPU
		{E07E23ED-8DC9-494F-9A51-7A2AD441CCD4}.DebugForceUpdate|x64.ActiveCfg = DebugForceUpdate|Any CPU
		{E07E23ED-8DC9-494F-9A51-7A2AD441CCD4}.DebugForceUpdate|x64.Build.0 = DebugForceUpdate|Any CPU
		{E07E23ED-8DC9-494F-9A51-7A2AD441CCD4}.DebugForceUpdate|x86.ActiveCfg = DebugForceUpdate|Any CPU
		{E07E23ED-8DC9-494F-9A51-7A2AD441CCD4}.DebugForceUpdate|x86.Build.0 = DebugForceUpdate|Any CPU
		{E07E23ED-8DC9-494F-9A51-7A2AD441CCD4}.DebugReset|Any CPU.ActiveCfg = DebugReset|Any CPU
		{E07E23ED-8DC9-494F-9A51-7A2AD441CCD4}.DebugReset|Any CPU.Build.0 = DebugReset|Any CPU
		{E07E23ED-8DC9-494F-9A51-7A2AD441CCD4}.DebugReset|ARM.ActiveCfg = DebugReset|Any CPU
		{E07E23ED-8DC9-494F-9A51-7A2AD441CCD4}.DebugReset|ARM.Build.0 = DebugReset|Any CPU
		{E07E23ED-8DC9-494F-9A51-7A2AD441CCD4}.DebugReset|x64.ActiveCfg = DebugReset|Any CPU
		{E07E23ED-8DC9-494F-9A51-7A2AD441CCD4}.DebugReset|x64.Build.0 = DebugReset|Any CPU
		{E07E23ED-8DC9-494F-9A51-7A2AD441CCD4}.DebugReset|x86.ActiveCfg = DebugReset|Any CPU
		{E07E23ED-8DC9-494F-9A51-7A2AD441CCD4}.DebugReset|x86.Build.0 = DebugReset|Any CPU
		{E07E23ED-8DC9-494F-9A51-7A2AD441CCD4}.Release|Any CPU.ActiveCfg = Release|Any CPU
		{E07E23ED-8DC9-494F-9A51-7A2AD441CCD4}.Release|Any CPU.Build.0 = Release|Any CPU
		{E07E23ED-8DC9-494F-9A51-7A2AD441CCD4}.Release|ARM.ActiveCfg = Release|Any CPU
		{E07E23ED-8DC9-494F-9A51-7A2AD441CCD4}.Release|ARM.Build.0 = Release|Any CPU
		{E07E23ED-8DC9-494F-9A51-7A2AD441CCD4}.Release|x64.ActiveCfg = Release|Any CPU
		{E07E23ED-8DC9-494F-9A51-7A2AD441CCD4}.Release|x64.Build.0 = Release|Any CPU
		{E07E23ED-8DC9-494F-9A51-7A2AD441CCD4}.Release|x86.ActiveCfg = Release|Any CPU
		{E07E23ED-8DC9-494F-9A51-7A2AD441CCD4}.Release|x86.Build.0 = Release|Any CPU
		{D05405AF-3F36-420D-BAB6-ACF5BDD00B08}.Debug|Any CPU.ActiveCfg = Debug|Any CPU
		{D05405AF-3F36-420D-BAB6-ACF5BDD00B08}.Debug|Any CPU.Build.0 = Debug|Any CPU
		{D05405AF-3F36-420D-BAB6-ACF5BDD00B08}.Debug|ARM.ActiveCfg = Debug|Any CPU
		{D05405AF-3F36-420D-BAB6-ACF5BDD00B08}.Debug|ARM.Build.0 = Debug|Any CPU
		{D05405AF-3F36-420D-BAB6-ACF5BDD00B08}.Debug|x64.ActiveCfg = Debug|Any CPU
		{D05405AF-3F36-420D-BAB6-ACF5BDD00B08}.Debug|x64.Build.0 = Debug|Any CPU
		{D05405AF-3F36-420D-BAB6-ACF5BDD00B08}.Debug|x86.ActiveCfg = Debug|Any CPU
		{D05405AF-3F36-420D-BAB6-ACF5BDD00B08}.Debug|x86.Build.0 = Debug|Any CPU
		{D05405AF-3F36-420D-BAB6-ACF5BDD00B08}.DebugDev|Any CPU.ActiveCfg = DebugDev|Any CPU
		{D05405AF-3F36-420D-BAB6-ACF5BDD00B08}.DebugDev|Any CPU.Build.0 = DebugDev|Any CPU
		{D05405AF-3F36-420D-BAB6-ACF5BDD00B08}.DebugDev|ARM.ActiveCfg = DebugDev|Any CPU
		{D05405AF-3F36-420D-BAB6-ACF5BDD00B08}.DebugDev|ARM.Build.0 = DebugDev|Any CPU
		{D05405AF-3F36-420D-BAB6-ACF5BDD00B08}.DebugDev|x64.ActiveCfg = DebugDev|Any CPU
		{D05405AF-3F36-420D-BAB6-ACF5BDD00B08}.DebugDev|x64.Build.0 = DebugDev|Any CPU
		{D05405AF-3F36-420D-BAB6-ACF5BDD00B08}.DebugDev|x86.ActiveCfg = DebugDev|Any CPU
		{D05405AF-3F36-420D-BAB6-ACF5BDD00B08}.DebugDev|x86.Build.0 = DebugDev|Any CPU
		{D05405AF-3F36-420D-BAB6-ACF5BDD00B08}.DebugForceUpdate|Any CPU.ActiveCfg = DebugForceUpdate|Any CPU
		{D05405AF-3F36-420D-BAB6-ACF5BDD00B08}.DebugForceUpdate|Any CPU.Build.0 = DebugForceUpdate|Any CPU
		{D05405AF-3F36-420D-BAB6-ACF5BDD00B08}.DebugForceUpdate|ARM.ActiveCfg = DebugForceUpdate|Any CPU
		{D05405AF-3F36-420D-BAB6-ACF5BDD00B08}.DebugForceUpdate|ARM.Build.0 = DebugForceUpdate|Any CPU
		{D05405AF-3F36-420D-BAB6-ACF5BDD00B08}.DebugForceUpdate|x64.ActiveCfg = DebugForceUpdate|Any CPU
		{D05405AF-3F36-420D-BAB6-ACF5BDD00B08}.DebugForceUpdate|x64.Build.0 = DebugForceUpdate|Any CPU
		{D05405AF-3F36-420D-BAB6-ACF5BDD00B08}.DebugForceUpdate|x86.ActiveCfg = DebugForceUpdate|Any CPU
		{D05405AF-3F36-420D-BAB6-ACF5BDD00B08}.DebugForceUpdate|x86.Build.0 = DebugForceUpdate|Any CPU
		{D05405AF-3F36-420D-BAB6-ACF5BDD00B08}.DebugReset|Any CPU.ActiveCfg = DebugReset|Any CPU
		{D05405AF-3F36-420D-BAB6-ACF5BDD00B08}.DebugReset|Any CPU.Build.0 = DebugReset|Any CPU
		{D05405AF-3F36-420D-BAB6-ACF5BDD00B08}.DebugReset|ARM.ActiveCfg = DebugReset|Any CPU
		{D05405AF-3F36-420D-BAB6-ACF5BDD00B08}.DebugReset|ARM.Build.0 = DebugReset|Any CPU
		{D05405AF-3F36-420D-BAB6-ACF5BDD00B08}.DebugReset|x64.ActiveCfg = DebugReset|Any CPU
		{D05405AF-3F36-420D-BAB6-ACF5BDD00B08}.DebugReset|x64.Build.0 = DebugReset|Any CPU
		{D05405AF-3F36-420D-BAB6-ACF5BDD00B08}.DebugReset|x86.ActiveCfg = DebugReset|Any CPU
		{D05405AF-3F36-420D-BAB6-ACF5BDD00B08}.DebugReset|x86.Build.0 = DebugReset|Any CPU
		{D05405AF-3F36-420D-BAB6-ACF5BDD00B08}.Release|Any CPU.ActiveCfg = Release|Any CPU
		{D05405AF-3F36-420D-BAB6-ACF5BDD00B08}.Release|Any CPU.Build.0 = Release|Any CPU
		{D05405AF-3F36-420D-BAB6-ACF5BDD00B08}.Release|ARM.ActiveCfg = Release|Any CPU
		{D05405AF-3F36-420D-BAB6-ACF5BDD00B08}.Release|ARM.Build.0 = Release|Any CPU
		{D05405AF-3F36-420D-BAB6-ACF5BDD00B08}.Release|x64.ActiveCfg = Release|Any CPU
		{D05405AF-3F36-420D-BAB6-ACF5BDD00B08}.Release|x64.Build.0 = Release|Any CPU
		{D05405AF-3F36-420D-BAB6-ACF5BDD00B08}.Release|x86.ActiveCfg = Release|Any CPU
		{D05405AF-3F36-420D-BAB6-ACF5BDD00B08}.Release|x86.Build.0 = Release|Any CPU
		{856AA004-B67F-409C-B4AB-7B2B26E74ABF}.Debug|Any CPU.ActiveCfg = Debug|Any CPU
		{856AA004-B67F-409C-B4AB-7B2B26E74ABF}.Debug|Any CPU.Build.0 = Debug|Any CPU
		{856AA004-B67F-409C-B4AB-7B2B26E74ABF}.Debug|ARM.ActiveCfg = Debug|Any CPU
		{856AA004-B67F-409C-B4AB-7B2B26E74ABF}.Debug|ARM.Build.0 = Debug|Any CPU
		{856AA004-B67F-409C-B4AB-7B2B26E74ABF}.Debug|x64.ActiveCfg = Debug|Any CPU
		{856AA004-B67F-409C-B4AB-7B2B26E74ABF}.Debug|x64.Build.0 = Debug|Any CPU
		{856AA004-B67F-409C-B4AB-7B2B26E74ABF}.Debug|x86.ActiveCfg = Debug|Any CPU
		{856AA004-B67F-409C-B4AB-7B2B26E74ABF}.Debug|x86.Build.0 = Debug|Any CPU
		{856AA004-B67F-409C-B4AB-7B2B26E74ABF}.DebugDev|Any CPU.ActiveCfg = DebugDev|Any CPU
		{856AA004-B67F-409C-B4AB-7B2B26E74ABF}.DebugDev|Any CPU.Build.0 = DebugDev|Any CPU
		{856AA004-B67F-409C-B4AB-7B2B26E74ABF}.DebugDev|ARM.ActiveCfg = DebugDev|Any CPU
		{856AA004-B67F-409C-B4AB-7B2B26E74ABF}.DebugDev|ARM.Build.0 = DebugDev|Any CPU
		{856AA004-B67F-409C-B4AB-7B2B26E74ABF}.DebugDev|x64.ActiveCfg = DebugDev|Any CPU
		{856AA004-B67F-409C-B4AB-7B2B26E74ABF}.DebugDev|x64.Build.0 = DebugDev|Any CPU
		{856AA004-B67F-409C-B4AB-7B2B26E74ABF}.DebugDev|x86.ActiveCfg = DebugDev|Any CPU
		{856AA004-B67F-409C-B4AB-7B2B26E74ABF}.DebugDev|x86.Build.0 = DebugDev|Any CPU
		{856AA004-B67F-409C-B4AB-7B2B26E74ABF}.DebugForceUpdate|Any CPU.ActiveCfg = DebugForceUpdate|Any CPU
		{856AA004-B67F-409C-B4AB-7B2B26E74ABF}.DebugForceUpdate|Any CPU.Build.0 = DebugForceUpdate|Any CPU
		{856AA004-B67F-409C-B4AB-7B2B26E74ABF}.DebugForceUpdate|ARM.ActiveCfg = DebugForceUpdate|Any CPU
		{856AA004-B67F-409C-B4AB-7B2B26E74ABF}.DebugForceUpdate|ARM.Build.0 = DebugForceUpdate|Any CPU
		{856AA004-B67F-409C-B4AB-7B2B26E74ABF}.DebugForceUpdate|x64.ActiveCfg = DebugForceUpdate|Any CPU
		{856AA004-B67F-409C-B4AB-7B2B26E74ABF}.DebugForceUpdate|x64.Build.0 = DebugForceUpdate|Any CPU
		{856AA004-B67F-409C-B4AB-7B2B26E74ABF}.DebugForceUpdate|x86.ActiveCfg = DebugForceUpdate|Any CPU
		{856AA004-B67F-409C-B4AB-7B2B26E74ABF}.DebugForceUpdate|x86.Build.0 = DebugForceUpdate|Any CPU
		{856AA004-B67F-409C-B4AB-7B2B26E74ABF}.DebugReset|Any CPU.ActiveCfg = DebugReset|Any CPU
		{856AA004-B67F-409C-B4AB-7B2B26E74ABF}.DebugReset|Any CPU.Build.0 = DebugReset|Any CPU
		{856AA004-B67F-409C-B4AB-7B2B26E74ABF}.DebugReset|ARM.ActiveCfg = DebugReset|Any CPU
		{856AA004-B67F-409C-B4AB-7B2B26E74ABF}.DebugReset|ARM.Build.0 = DebugReset|Any CPU
		{856AA004-B67F-409C-B4AB-7B2B26E74ABF}.DebugReset|x64.ActiveCfg = DebugReset|Any CPU
		{856AA004-B67F-409C-B4AB-7B2B26E74ABF}.DebugReset|x64.Build.0 = DebugReset|Any CPU
		{856AA004-B67F-409C-B4AB-7B2B26E74ABF}.DebugReset|x86.ActiveCfg = DebugReset|Any CPU
		{856AA004-B67F-409C-B4AB-7B2B26E74ABF}.DebugReset|x86.Build.0 = DebugReset|Any CPU
		{856AA004-B67F-409C-B4AB-7B2B26E74ABF}.Release|Any CPU.ActiveCfg = Release|Any CPU
		{856AA004-B67F-409C-B4AB-7B2B26E74ABF}.Release|Any CPU.Build.0 = Release|Any CPU
		{856AA004-B67F-409C-B4AB-7B2B26E74ABF}.Release|ARM.ActiveCfg = Release|Any CPU
		{856AA004-B67F-409C-B4AB-7B2B26E74ABF}.Release|ARM.Build.0 = Release|Any CPU
		{856AA004-B67F-409C-B4AB-7B2B26E74ABF}.Release|x64.ActiveCfg = Release|Any CPU
		{856AA004-B67F-409C-B4AB-7B2B26E74ABF}.Release|x64.Build.0 = Release|Any CPU
		{856AA004-B67F-409C-B4AB-7B2B26E74ABF}.Release|x86.ActiveCfg = Release|Any CPU
		{856AA004-B67F-409C-B4AB-7B2B26E74ABF}.Release|x86.Build.0 = Release|Any CPU
		{F0900FB3-032F-4575-B946-7568A38441DF}.Debug|Any CPU.ActiveCfg = Debug|Any CPU
		{F0900FB3-032F-4575-B946-7568A38441DF}.Debug|Any CPU.Build.0 = Debug|Any CPU
		{F0900FB3-032F-4575-B946-7568A38441DF}.Debug|ARM.ActiveCfg = Debug|Any CPU
		{F0900FB3-032F-4575-B946-7568A38441DF}.Debug|ARM.Build.0 = Debug|Any CPU
		{F0900FB3-032F-4575-B946-7568A38441DF}.Debug|x64.ActiveCfg = Debug|Any CPU
		{F0900FB3-032F-4575-B946-7568A38441DF}.Debug|x64.Build.0 = Debug|Any CPU
		{F0900FB3-032F-4575-B946-7568A38441DF}.Debug|x86.ActiveCfg = Debug|Any CPU
		{F0900FB3-032F-4575-B946-7568A38441DF}.Debug|x86.Build.0 = Debug|Any CPU
		{F0900FB3-032F-4575-B946-7568A38441DF}.DebugDev|Any CPU.ActiveCfg = DebugDev|Any CPU
		{F0900FB3-032F-4575-B946-7568A38441DF}.DebugDev|Any CPU.Build.0 = DebugDev|Any CPU
		{F0900FB3-032F-4575-B946-7568A38441DF}.DebugDev|ARM.ActiveCfg = DebugDev|Any CPU
		{F0900FB3-032F-4575-B946-7568A38441DF}.DebugDev|ARM.Build.0 = DebugDev|Any CPU
		{F0900FB3-032F-4575-B946-7568A38441DF}.DebugDev|x64.ActiveCfg = DebugDev|Any CPU
		{F0900FB3-032F-4575-B946-7568A38441DF}.DebugDev|x64.Build.0 = DebugDev|Any CPU
		{F0900FB3-032F-4575-B946-7568A38441DF}.DebugDev|x86.ActiveCfg = DebugDev|Any CPU
		{F0900FB3-032F-4575-B946-7568A38441DF}.DebugDev|x86.Build.0 = DebugDev|Any CPU
		{F0900FB3-032F-4575-B946-7568A38441DF}.DebugForceUpdate|Any CPU.ActiveCfg = DebugReset|Any CPU
		{F0900FB3-032F-4575-B946-7568A38441DF}.DebugForceUpdate|Any CPU.Build.0 = DebugReset|Any CPU
		{F0900FB3-032F-4575-B946-7568A38441DF}.DebugForceUpdate|ARM.ActiveCfg = DebugReset|Any CPU
		{F0900FB3-032F-4575-B946-7568A38441DF}.DebugForceUpdate|ARM.Build.0 = DebugReset|Any CPU
		{F0900FB3-032F-4575-B946-7568A38441DF}.DebugForceUpdate|x64.ActiveCfg = DebugReset|Any CPU
		{F0900FB3-032F-4575-B946-7568A38441DF}.DebugForceUpdate|x64.Build.0 = DebugReset|Any CPU
		{F0900FB3-032F-4575-B946-7568A38441DF}.DebugForceUpdate|x86.ActiveCfg = DebugReset|Any CPU
		{F0900FB3-032F-4575-B946-7568A38441DF}.DebugForceUpdate|x86.Build.0 = DebugReset|Any CPU
		{F0900FB3-032F-4575-B946-7568A38441DF}.DebugReset|Any CPU.ActiveCfg = DebugReset|Any CPU
		{F0900FB3-032F-4575-B946-7568A38441DF}.DebugReset|Any CPU.Build.0 = DebugReset|Any CPU
		{F0900FB3-032F-4575-B946-7568A38441DF}.DebugReset|ARM.ActiveCfg = DebugReset|Any CPU
		{F0900FB3-032F-4575-B946-7568A38441DF}.DebugReset|ARM.Build.0 = DebugReset|Any CPU
		{F0900FB3-032F-4575-B946-7568A38441DF}.DebugReset|x64.ActiveCfg = DebugReset|Any CPU
		{F0900FB3-032F-4575-B946-7568A38441DF}.DebugReset|x64.Build.0 = DebugReset|Any CPU
		{F0900FB3-032F-4575-B946-7568A38441DF}.DebugReset|x86.ActiveCfg = DebugReset|Any CPU
		{F0900FB3-032F-4575-B946-7568A38441DF}.DebugReset|x86.Build.0 = DebugReset|Any CPU
		{F0900FB3-032F-4575-B946-7568A38441DF}.Release|Any CPU.ActiveCfg = Release|Any CPU
		{F0900FB3-032F-4575-B946-7568A38441DF}.Release|Any CPU.Build.0 = Release|Any CPU
		{F0900FB3-032F-4575-B946-7568A38441DF}.Release|ARM.ActiveCfg = Release|Any CPU
		{F0900FB3-032F-4575-B946-7568A38441DF}.Release|ARM.Build.0 = Release|Any CPU
		{F0900FB3-032F-4575-B946-7568A38441DF}.Release|x64.ActiveCfg = Release|Any CPU
		{F0900FB3-032F-4575-B946-7568A38441DF}.Release|x64.Build.0 = Release|Any CPU
		{F0900FB3-032F-4575-B946-7568A38441DF}.Release|x86.ActiveCfg = Release|Any CPU
		{F0900FB3-032F-4575-B946-7568A38441DF}.Release|x86.Build.0 = Release|Any CPU
		{165C3473-44A2-428D-B73F-10E991118D58}.Debug|Any CPU.ActiveCfg = Debug|Any CPU
		{165C3473-44A2-428D-B73F-10E991118D58}.Debug|Any CPU.Build.0 = Debug|Any CPU
		{165C3473-44A2-428D-B73F-10E991118D58}.Debug|ARM.ActiveCfg = Debug|Any CPU
		{165C3473-44A2-428D-B73F-10E991118D58}.Debug|ARM.Build.0 = Debug|Any CPU
		{165C3473-44A2-428D-B73F-10E991118D58}.Debug|x64.ActiveCfg = Debug|Any CPU
		{165C3473-44A2-428D-B73F-10E991118D58}.Debug|x64.Build.0 = Debug|Any CPU
		{165C3473-44A2-428D-B73F-10E991118D58}.Debug|x86.ActiveCfg = Debug|Any CPU
		{165C3473-44A2-428D-B73F-10E991118D58}.Debug|x86.Build.0 = Debug|Any CPU
		{165C3473-44A2-428D-B73F-10E991118D58}.DebugDev|Any CPU.ActiveCfg = Debug|Any CPU
		{165C3473-44A2-428D-B73F-10E991118D58}.DebugDev|Any CPU.Build.0 = Debug|Any CPU
		{165C3473-44A2-428D-B73F-10E991118D58}.DebugDev|ARM.ActiveCfg = Debug|Any CPU
		{165C3473-44A2-428D-B73F-10E991118D58}.DebugDev|ARM.Build.0 = Debug|Any CPU
		{165C3473-44A2-428D-B73F-10E991118D58}.DebugDev|x64.ActiveCfg = Debug|Any CPU
		{165C3473-44A2-428D-B73F-10E991118D58}.DebugDev|x64.Build.0 = Debug|Any CPU
		{165C3473-44A2-428D-B73F-10E991118D58}.DebugDev|x86.ActiveCfg = Debug|Any CPU
		{165C3473-44A2-428D-B73F-10E991118D58}.DebugDev|x86.Build.0 = Debug|Any CPU
		{165C3473-44A2-428D-B73F-10E991118D58}.DebugForceUpdate|Any CPU.ActiveCfg = Debug|Any CPU
		{165C3473-44A2-428D-B73F-10E991118D58}.DebugForceUpdate|Any CPU.Build.0 = Debug|Any CPU
		{165C3473-44A2-428D-B73F-10E991118D58}.DebugForceUpdate|ARM.ActiveCfg = Debug|Any CPU
		{165C3473-44A2-428D-B73F-10E991118D58}.DebugForceUpdate|ARM.Build.0 = Debug|Any CPU
		{165C3473-44A2-428D-B73F-10E991118D58}.DebugForceUpdate|x64.ActiveCfg = Debug|Any CPU
		{165C3473-44A2-428D-B73F-10E991118D58}.DebugForceUpdate|x64.Build.0 = Debug|Any CPU
		{165C3473-44A2-428D-B73F-10E991118D58}.DebugForceUpdate|x86.ActiveCfg = Debug|Any CPU
		{165C3473-44A2-428D-B73F-10E991118D58}.DebugForceUpdate|x86.Build.0 = Debug|Any CPU
		{165C3473-44A2-428D-B73F-10E991118D58}.DebugReset|Any CPU.ActiveCfg = Debug|Any CPU
		{165C3473-44A2-428D-B73F-10E991118D58}.DebugReset|Any CPU.Build.0 = Debug|Any CPU
		{165C3473-44A2-428D-B73F-10E991118D58}.DebugReset|ARM.ActiveCfg = Debug|Any CPU
		{165C3473-44A2-428D-B73F-10E991118D58}.DebugReset|ARM.Build.0 = Debug|Any CPU
		{165C3473-44A2-428D-B73F-10E991118D58}.DebugReset|x64.ActiveCfg = Debug|Any CPU
		{165C3473-44A2-428D-B73F-10E991118D58}.DebugReset|x64.Build.0 = Debug|Any CPU
		{165C3473-44A2-428D-B73F-10E991118D58}.DebugReset|x86.ActiveCfg = Debug|Any CPU
		{165C3473-44A2-428D-B73F-10E991118D58}.DebugReset|x86.Build.0 = Debug|Any CPU
		{165C3473-44A2-428D-B73F-10E991118D58}.Release|Any CPU.ActiveCfg = Release|Any CPU
		{165C3473-44A2-428D-B73F-10E991118D58}.Release|Any CPU.Build.0 = Release|Any CPU
		{165C3473-44A2-428D-B73F-10E991118D58}.Release|ARM.ActiveCfg = Release|Any CPU
		{165C3473-44A2-428D-B73F-10E991118D58}.Release|ARM.Build.0 = Release|Any CPU
		{165C3473-44A2-428D-B73F-10E991118D58}.Release|x64.ActiveCfg = Release|Any CPU
		{165C3473-44A2-428D-B73F-10E991118D58}.Release|x64.Build.0 = Release|Any CPU
		{165C3473-44A2-428D-B73F-10E991118D58}.Release|x86.ActiveCfg = Release|Any CPU
		{165C3473-44A2-428D-B73F-10E991118D58}.Release|x86.Build.0 = Release|Any CPU
		{DA5D74B5-EC50-44E7-9EAC-4785CC91A4E0}.Debug|Any CPU.ActiveCfg = Debug|Any CPU
		{DA5D74B5-EC50-44E7-9EAC-4785CC91A4E0}.Debug|Any CPU.Build.0 = Debug|Any CPU
		{DA5D74B5-EC50-44E7-9EAC-4785CC91A4E0}.Debug|ARM.ActiveCfg = Debug|Any CPU
		{DA5D74B5-EC50-44E7-9EAC-4785CC91A4E0}.Debug|ARM.Build.0 = Debug|Any CPU
		{DA5D74B5-EC50-44E7-9EAC-4785CC91A4E0}.Debug|x64.ActiveCfg = Debug|Any CPU
		{DA5D74B5-EC50-44E7-9EAC-4785CC91A4E0}.Debug|x64.Build.0 = Debug|Any CPU
		{DA5D74B5-EC50-44E7-9EAC-4785CC91A4E0}.Debug|x86.ActiveCfg = Debug|Any CPU
		{DA5D74B5-EC50-44E7-9EAC-4785CC91A4E0}.Debug|x86.Build.0 = Debug|Any CPU
		{DA5D74B5-EC50-44E7-9EAC-4785CC91A4E0}.DebugDev|Any CPU.ActiveCfg = Debug|Any CPU
		{DA5D74B5-EC50-44E7-9EAC-4785CC91A4E0}.DebugDev|Any CPU.Build.0 = Debug|Any CPU
		{DA5D74B5-EC50-44E7-9EAC-4785CC91A4E0}.DebugDev|ARM.ActiveCfg = Debug|Any CPU
		{DA5D74B5-EC50-44E7-9EAC-4785CC91A4E0}.DebugDev|ARM.Build.0 = Debug|Any CPU
		{DA5D74B5-EC50-44E7-9EAC-4785CC91A4E0}.DebugDev|x64.ActiveCfg = Debug|Any CPU
		{DA5D74B5-EC50-44E7-9EAC-4785CC91A4E0}.DebugDev|x64.Build.0 = Debug|Any CPU
		{DA5D74B5-EC50-44E7-9EAC-4785CC91A4E0}.DebugDev|x86.ActiveCfg = Debug|Any CPU
		{DA5D74B5-EC50-44E7-9EAC-4785CC91A4E0}.DebugDev|x86.Build.0 = Debug|Any CPU
		{DA5D74B5-EC50-44E7-9EAC-4785CC91A4E0}.DebugForceUpdate|Any CPU.ActiveCfg = Debug|Any CPU
		{DA5D74B5-EC50-44E7-9EAC-4785CC91A4E0}.DebugForceUpdate|Any CPU.Build.0 = Debug|Any CPU
		{DA5D74B5-EC50-44E7-9EAC-4785CC91A4E0}.DebugForceUpdate|ARM.ActiveCfg = Debug|Any CPU
		{DA5D74B5-EC50-44E7-9EAC-4785CC91A4E0}.DebugForceUpdate|ARM.Build.0 = Debug|Any CPU
		{DA5D74B5-EC50-44E7-9EAC-4785CC91A4E0}.DebugForceUpdate|x64.ActiveCfg = Debug|Any CPU
		{DA5D74B5-EC50-44E7-9EAC-4785CC91A4E0}.DebugForceUpdate|x64.Build.0 = Debug|Any CPU
		{DA5D74B5-EC50-44E7-9EAC-4785CC91A4E0}.DebugForceUpdate|x86.ActiveCfg = Debug|Any CPU
		{DA5D74B5-EC50-44E7-9EAC-4785CC91A4E0}.DebugForceUpdate|x86.Build.0 = Debug|Any CPU
		{DA5D74B5-EC50-44E7-9EAC-4785CC91A4E0}.DebugReset|Any CPU.ActiveCfg = Debug|Any CPU
		{DA5D74B5-EC50-44E7-9EAC-4785CC91A4E0}.DebugReset|Any CPU.Build.0 = Debug|Any CPU
		{DA5D74B5-EC50-44E7-9EAC-4785CC91A4E0}.DebugReset|ARM.ActiveCfg = Debug|Any CPU
		{DA5D74B5-EC50-44E7-9EAC-4785CC91A4E0}.DebugReset|ARM.Build.0 = Debug|Any CPU
		{DA5D74B5-EC50-44E7-9EAC-4785CC91A4E0}.DebugReset|x64.ActiveCfg = Debug|Any CPU
		{DA5D74B5-EC50-44E7-9EAC-4785CC91A4E0}.DebugReset|x64.Build.0 = Debug|Any CPU
		{DA5D74B5-EC50-44E7-9EAC-4785CC91A4E0}.DebugReset|x86.ActiveCfg = Debug|Any CPU
		{DA5D74B5-EC50-44E7-9EAC-4785CC91A4E0}.DebugReset|x86.Build.0 = Debug|Any CPU
		{DA5D74B5-EC50-44E7-9EAC-4785CC91A4E0}.Release|Any CPU.ActiveCfg = Release|Any CPU
		{DA5D74B5-EC50-44E7-9EAC-4785CC91A4E0}.Release|Any CPU.Build.0 = Release|Any CPU
		{DA5D74B5-EC50-44E7-9EAC-4785CC91A4E0}.Release|ARM.ActiveCfg = Release|Any CPU
		{DA5D74B5-EC50-44E7-9EAC-4785CC91A4E0}.Release|ARM.Build.0 = Release|Any CPU
		{DA5D74B5-EC50-44E7-9EAC-4785CC91A4E0}.Release|x64.ActiveCfg = Release|Any CPU
		{DA5D74B5-EC50-44E7-9EAC-4785CC91A4E0}.Release|x64.Build.0 = Release|Any CPU
		{DA5D74B5-EC50-44E7-9EAC-4785CC91A4E0}.Release|x86.ActiveCfg = Release|Any CPU
		{DA5D74B5-EC50-44E7-9EAC-4785CC91A4E0}.Release|x86.Build.0 = Release|Any CPU
		{018D03A8-3802-4AD2-AC28-6201BD3F6E94}.Debug|Any CPU.ActiveCfg = Debug|Any CPU
		{018D03A8-3802-4AD2-AC28-6201BD3F6E94}.Debug|Any CPU.Build.0 = Debug|Any CPU
		{018D03A8-3802-4AD2-AC28-6201BD3F6E94}.Debug|ARM.ActiveCfg = Debug|Any CPU
		{018D03A8-3802-4AD2-AC28-6201BD3F6E94}.Debug|ARM.Build.0 = Debug|Any CPU
		{018D03A8-3802-4AD2-AC28-6201BD3F6E94}.Debug|x64.ActiveCfg = Debug|Any CPU
		{018D03A8-3802-4AD2-AC28-6201BD3F6E94}.Debug|x64.Build.0 = Debug|Any CPU
		{018D03A8-3802-4AD2-AC28-6201BD3F6E94}.Debug|x86.ActiveCfg = Debug|Any CPU
		{018D03A8-3802-4AD2-AC28-6201BD3F6E94}.Debug|x86.Build.0 = Debug|Any CPU
		{018D03A8-3802-4AD2-AC28-6201BD3F6E94}.DebugDev|Any CPU.ActiveCfg = DebugDev|Any CPU
		{018D03A8-3802-4AD2-AC28-6201BD3F6E94}.DebugDev|Any CPU.Build.0 = DebugDev|Any CPU
		{018D03A8-3802-4AD2-AC28-6201BD3F6E94}.DebugDev|ARM.ActiveCfg = DebugDev|Any CPU
		{018D03A8-3802-4AD2-AC28-6201BD3F6E94}.DebugDev|ARM.Build.0 = DebugDev|Any CPU
		{018D03A8-3802-4AD2-AC28-6201BD3F6E94}.DebugDev|x64.ActiveCfg = DebugDev|Any CPU
		{018D03A8-3802-4AD2-AC28-6201BD3F6E94}.DebugDev|x64.Build.0 = DebugDev|Any CPU
		{018D03A8-3802-4AD2-AC28-6201BD3F6E94}.DebugDev|x86.ActiveCfg = DebugDev|Any CPU
		{018D03A8-3802-4AD2-AC28-6201BD3F6E94}.DebugDev|x86.Build.0 = DebugDev|Any CPU
		{018D03A8-3802-4AD2-AC28-6201BD3F6E94}.DebugForceUpdate|Any CPU.ActiveCfg = DebugForceUpdate|Any CPU
		{018D03A8-3802-4AD2-AC28-6201BD3F6E94}.DebugForceUpdate|Any CPU.Build.0 = DebugForceUpdate|Any CPU
		{018D03A8-3802-4AD2-AC28-6201BD3F6E94}.DebugForceUpdate|ARM.ActiveCfg = DebugForceUpdate|Any CPU
		{018D03A8-3802-4AD2-AC28-6201BD3F6E94}.DebugForceUpdate|ARM.Build.0 = DebugForceUpdate|Any CPU
		{018D03A8-3802-4AD2-AC28-6201BD3F6E94}.DebugForceUpdate|x64.ActiveCfg = DebugForceUpdate|Any CPU
		{018D03A8-3802-4AD2-AC28-6201BD3F6E94}.DebugForceUpdate|x64.Build.0 = DebugForceUpdate|Any CPU
		{018D03A8-3802-4AD2-AC28-6201BD3F6E94}.DebugForceUpdate|x86.ActiveCfg = DebugForceUpdate|Any CPU
		{018D03A8-3802-4AD2-AC28-6201BD3F6E94}.DebugForceUpdate|x86.Build.0 = DebugForceUpdate|Any CPU
		{018D03A8-3802-4AD2-AC28-6201BD3F6E94}.DebugReset|Any CPU.ActiveCfg = DebugReset|Any CPU
		{018D03A8-3802-4AD2-AC28-6201BD3F6E94}.DebugReset|Any CPU.Build.0 = DebugReset|Any CPU
		{018D03A8-3802-4AD2-AC28-6201BD3F6E94}.DebugReset|ARM.ActiveCfg = DebugReset|Any CPU
		{018D03A8-3802-4AD2-AC28-6201BD3F6E94}.DebugReset|ARM.Build.0 = DebugReset|Any CPU
		{018D03A8-3802-4AD2-AC28-6201BD3F6E94}.DebugReset|x64.ActiveCfg = DebugReset|Any CPU
		{018D03A8-3802-4AD2-AC28-6201BD3F6E94}.DebugReset|x64.Build.0 = DebugReset|Any CPU
		{018D03A8-3802-4AD2-AC28-6201BD3F6E94}.DebugReset|x86.ActiveCfg = DebugReset|Any CPU
		{018D03A8-3802-4AD2-AC28-6201BD3F6E94}.DebugReset|x86.Build.0 = DebugReset|Any CPU
		{018D03A8-3802-4AD2-AC28-6201BD3F6E94}.Release|Any CPU.ActiveCfg = Release|Any CPU
		{018D03A8-3802-4AD2-AC28-6201BD3F6E94}.Release|Any CPU.Build.0 = Release|Any CPU
		{018D03A8-3802-4AD2-AC28-6201BD3F6E94}.Release|ARM.ActiveCfg = Release|Any CPU
		{018D03A8-3802-4AD2-AC28-6201BD3F6E94}.Release|ARM.Build.0 = Release|Any CPU
		{018D03A8-3802-4AD2-AC28-6201BD3F6E94}.Release|x64.ActiveCfg = Release|Any CPU
		{018D03A8-3802-4AD2-AC28-6201BD3F6E94}.Release|x64.Build.0 = Release|Any CPU
		{018D03A8-3802-4AD2-AC28-6201BD3F6E94}.Release|x86.ActiveCfg = Release|Any CPU
		{018D03A8-3802-4AD2-AC28-6201BD3F6E94}.Release|x86.Build.0 = Release|Any CPU
		{CC4418EF-7C47-471E-B10F-A8C82CAF9E3B}.Debug|Any CPU.ActiveCfg = Debug|Any CPU
		{CC4418EF-7C47-471E-B10F-A8C82CAF9E3B}.Debug|Any CPU.Build.0 = Debug|Any CPU
		{CC4418EF-7C47-471E-B10F-A8C82CAF9E3B}.Debug|ARM.ActiveCfg = Debug|Any CPU
		{CC4418EF-7C47-471E-B10F-A8C82CAF9E3B}.Debug|ARM.Build.0 = Debug|Any CPU
		{CC4418EF-7C47-471E-B10F-A8C82CAF9E3B}.Debug|x64.ActiveCfg = Debug|Any CPU
		{CC4418EF-7C47-471E-B10F-A8C82CAF9E3B}.Debug|x64.Build.0 = Debug|Any CPU
		{CC4418EF-7C47-471E-B10F-A8C82CAF9E3B}.Debug|x86.ActiveCfg = Debug|Any CPU
		{CC4418EF-7C47-471E-B10F-A8C82CAF9E3B}.Debug|x86.Build.0 = Debug|Any CPU
		{CC4418EF-7C47-471E-B10F-A8C82CAF9E3B}.DebugDev|Any CPU.ActiveCfg = Debug|Any CPU
		{CC4418EF-7C47-471E-B10F-A8C82CAF9E3B}.DebugDev|Any CPU.Build.0 = Debug|Any CPU
		{CC4418EF-7C47-471E-B10F-A8C82CAF9E3B}.DebugDev|ARM.ActiveCfg = Debug|Any CPU
		{CC4418EF-7C47-471E-B10F-A8C82CAF9E3B}.DebugDev|ARM.Build.0 = Debug|Any CPU
		{CC4418EF-7C47-471E-B10F-A8C82CAF9E3B}.DebugDev|x64.ActiveCfg = Debug|Any CPU
		{CC4418EF-7C47-471E-B10F-A8C82CAF9E3B}.DebugDev|x64.Build.0 = Debug|Any CPU
		{CC4418EF-7C47-471E-B10F-A8C82CAF9E3B}.DebugDev|x86.ActiveCfg = Debug|Any CPU
		{CC4418EF-7C47-471E-B10F-A8C82CAF9E3B}.DebugDev|x86.Build.0 = Debug|Any CPU
		{CC4418EF-7C47-471E-B10F-A8C82CAF9E3B}.DebugForceUpdate|Any CPU.ActiveCfg = Debug|Any CPU
		{CC4418EF-7C47-471E-B10F-A8C82CAF9E3B}.DebugForceUpdate|Any CPU.Build.0 = Debug|Any CPU
		{CC4418EF-7C47-471E-B10F-A8C82CAF9E3B}.DebugForceUpdate|ARM.ActiveCfg = Debug|Any CPU
		{CC4418EF-7C47-471E-B10F-A8C82CAF9E3B}.DebugForceUpdate|ARM.Build.0 = Debug|Any CPU
		{CC4418EF-7C47-471E-B10F-A8C82CAF9E3B}.DebugForceUpdate|x64.ActiveCfg = Debug|Any CPU
		{CC4418EF-7C47-471E-B10F-A8C82CAF9E3B}.DebugForceUpdate|x64.Build.0 = Debug|Any CPU
		{CC4418EF-7C47-471E-B10F-A8C82CAF9E3B}.DebugForceUpdate|x86.ActiveCfg = Debug|Any CPU
		{CC4418EF-7C47-471E-B10F-A8C82CAF9E3B}.DebugForceUpdate|x86.Build.0 = Debug|Any CPU
		{CC4418EF-7C47-471E-B10F-A8C82CAF9E3B}.DebugReset|Any CPU.ActiveCfg = Debug|Any CPU
		{CC4418EF-7C47-471E-B10F-A8C82CAF9E3B}.DebugReset|Any CPU.Build.0 = Debug|Any CPU
		{CC4418EF-7C47-471E-B10F-A8C82CAF9E3B}.DebugReset|ARM.ActiveCfg = Debug|Any CPU
		{CC4418EF-7C47-471E-B10F-A8C82CAF9E3B}.DebugReset|ARM.Build.0 = Debug|Any CPU
		{CC4418EF-7C47-471E-B10F-A8C82CAF9E3B}.DebugReset|x64.ActiveCfg = Debug|Any CPU
		{CC4418EF-7C47-471E-B10F-A8C82CAF9E3B}.DebugReset|x64.Build.0 = Debug|Any CPU
		{CC4418EF-7C47-471E-B10F-A8C82CAF9E3B}.DebugReset|x86.ActiveCfg = Debug|Any CPU
		{CC4418EF-7C47-471E-B10F-A8C82CAF9E3B}.DebugReset|x86.Build.0 = Debug|Any CPU
		{CC4418EF-7C47-471E-B10F-A8C82CAF9E3B}.Release|Any CPU.ActiveCfg = Release|Any CPU
		{CC4418EF-7C47-471E-B10F-A8C82CAF9E3B}.Release|Any CPU.Build.0 = Release|Any CPU
		{CC4418EF-7C47-471E-B10F-A8C82CAF9E3B}.Release|ARM.ActiveCfg = Release|Any CPU
		{CC4418EF-7C47-471E-B10F-A8C82CAF9E3B}.Release|ARM.Build.0 = Release|Any CPU
		{CC4418EF-7C47-471E-B10F-A8C82CAF9E3B}.Release|x64.ActiveCfg = Release|Any CPU
		{CC4418EF-7C47-471E-B10F-A8C82CAF9E3B}.Release|x64.Build.0 = Release|Any CPU
		{CC4418EF-7C47-471E-B10F-A8C82CAF9E3B}.Release|x86.ActiveCfg = Release|Any CPU
		{CC4418EF-7C47-471E-B10F-A8C82CAF9E3B}.Release|x86.Build.0 = Release|Any CPU
		{549178BE-2D41-4928-A4CA-7411F11F816A}.Debug|Any CPU.ActiveCfg = Debug|Any CPU
		{549178BE-2D41-4928-A4CA-7411F11F816A}.Debug|Any CPU.Build.0 = Debug|Any CPU
		{549178BE-2D41-4928-A4CA-7411F11F816A}.Debug|ARM.ActiveCfg = Debug|Any CPU
		{549178BE-2D41-4928-A4CA-7411F11F816A}.Debug|ARM.Build.0 = Debug|Any CPU
		{549178BE-2D41-4928-A4CA-7411F11F816A}.Debug|x64.ActiveCfg = Debug|Any CPU
		{549178BE-2D41-4928-A4CA-7411F11F816A}.Debug|x64.Build.0 = Debug|Any CPU
		{549178BE-2D41-4928-A4CA-7411F11F816A}.Debug|x86.ActiveCfg = Debug|Any CPU
		{549178BE-2D41-4928-A4CA-7411F11F816A}.Debug|x86.Build.0 = Debug|Any CPU
		{549178BE-2D41-4928-A4CA-7411F11F816A}.DebugDev|Any CPU.ActiveCfg = Debug|Any CPU
		{549178BE-2D41-4928-A4CA-7411F11F816A}.DebugDev|Any CPU.Build.0 = Debug|Any CPU
		{549178BE-2D41-4928-A4CA-7411F11F816A}.DebugDev|ARM.ActiveCfg = Debug|Any CPU
		{549178BE-2D41-4928-A4CA-7411F11F816A}.DebugDev|ARM.Build.0 = Debug|Any CPU
		{549178BE-2D41-4928-A4CA-7411F11F816A}.DebugDev|x64.ActiveCfg = Debug|Any CPU
		{549178BE-2D41-4928-A4CA-7411F11F816A}.DebugDev|x64.Build.0 = Debug|Any CPU
		{549178BE-2D41-4928-A4CA-7411F11F816A}.DebugDev|x86.ActiveCfg = Debug|Any CPU
		{549178BE-2D41-4928-A4CA-7411F11F816A}.DebugDev|x86.Build.0 = Debug|Any CPU
		{549178BE-2D41-4928-A4CA-7411F11F816A}.DebugForceUpdate|Any CPU.ActiveCfg = Debug|Any CPU
		{549178BE-2D41-4928-A4CA-7411F11F816A}.DebugForceUpdate|Any CPU.Build.0 = Debug|Any CPU
		{549178BE-2D41-4928-A4CA-7411F11F816A}.DebugForceUpdate|ARM.ActiveCfg = Debug|Any CPU
		{549178BE-2D41-4928-A4CA-7411F11F816A}.DebugForceUpdate|ARM.Build.0 = Debug|Any CPU
		{549178BE-2D41-4928-A4CA-7411F11F816A}.DebugForceUpdate|x64.ActiveCfg = Debug|Any CPU
		{549178BE-2D41-4928-A4CA-7411F11F816A}.DebugForceUpdate|x64.Build.0 = Debug|Any CPU
		{549178BE-2D41-4928-A4CA-7411F11F816A}.DebugForceUpdate|x86.ActiveCfg = Debug|Any CPU
		{549178BE-2D41-4928-A4CA-7411F11F816A}.DebugForceUpdate|x86.Build.0 = Debug|Any CPU
		{549178BE-2D41-4928-A4CA-7411F11F816A}.DebugReset|Any CPU.ActiveCfg = Debug|Any CPU
		{549178BE-2D41-4928-A4CA-7411F11F816A}.DebugReset|Any CPU.Build.0 = Debug|Any CPU
		{549178BE-2D41-4928-A4CA-7411F11F816A}.DebugReset|ARM.ActiveCfg = Debug|Any CPU
		{549178BE-2D41-4928-A4CA-7411F11F816A}.DebugReset|ARM.Build.0 = Debug|Any CPU
		{549178BE-2D41-4928-A4CA-7411F11F816A}.DebugReset|x64.ActiveCfg = Debug|Any CPU
		{549178BE-2D41-4928-A4CA-7411F11F816A}.DebugReset|x64.Build.0 = Debug|Any CPU
		{549178BE-2D41-4928-A4CA-7411F11F816A}.DebugReset|x86.ActiveCfg = Debug|Any CPU
		{549178BE-2D41-4928-A4CA-7411F11F816A}.DebugReset|x86.Build.0 = Debug|Any CPU
		{549178BE-2D41-4928-A4CA-7411F11F816A}.Release|Any CPU.ActiveCfg = Release|Any CPU
		{549178BE-2D41-4928-A4CA-7411F11F816A}.Release|Any CPU.Build.0 = Release|Any CPU
		{549178BE-2D41-4928-A4CA-7411F11F816A}.Release|ARM.ActiveCfg = Release|Any CPU
		{549178BE-2D41-4928-A4CA-7411F11F816A}.Release|ARM.Build.0 = Release|Any CPU
		{549178BE-2D41-4928-A4CA-7411F11F816A}.Release|x64.ActiveCfg = Release|Any CPU
		{549178BE-2D41-4928-A4CA-7411F11F816A}.Release|x64.Build.0 = Release|Any CPU
		{549178BE-2D41-4928-A4CA-7411F11F816A}.Release|x86.ActiveCfg = Release|Any CPU
		{549178BE-2D41-4928-A4CA-7411F11F816A}.Release|x86.Build.0 = Release|Any CPU
	EndGlobalSection
	GlobalSection(SolutionProperties) = preSolution
		HideSolutionNode = FALSE
	EndGlobalSection
	GlobalSection(ExtensibilityGlobals) = postSolution
		SolutionGuid = {26C448A1-73C2-4580-A131-1ACA23ECCC7F}
	EndGlobalSection
EndGlobal
